
Microsoft Visual Studio Solution File, Format Version 10.00
# Visual C++ Express 2008
Project("{8BC9CEB8-8B4A-11D0-8D11-00A0C91BC942}") = "lib_cpp_microserver", "cpp_microserver.vcproj", "{62C52A9C-2592-4DCA-A6AC-96F4951AA65B}"
EndProject
Project("{8BC9CEB8-8B4A-11D0-8D11-00A0C91BC942}") = "cpp_microserver", "cpp_microserver_dummy.vcproj", "{6FC00410-2CAF-4CFB-B5AD-FF863A33C4D9}"
EndProject
Global
	GlobalSection(SolutionConfigurationPlatforms) = preSolution
		Debug|Win32 = Debug|Win32
		Release|Win32 = Release|Win32
	EndGlobalSection
	GlobalSection(ProjectConfigurationPlatforms) = postSolution
		{62C52A9C-2592-4DCA-A6AC-96F4951AA65B}.Debug|Win32.ActiveCfg = Debug|Win32
		{62C52A9C-2592-4DCA-A6AC-96F4951AA65B}.Debug|Win32.Build.0 = Debug|Win32
		{62C52A9C-2592-4DCA-A6AC-96F4951AA65B}.Release|Win32.ActiveCfg = Release|Win32
		{62C52A9C-2592-4DCA-A6AC-96F4951AA65B}.Release|Win32.Build.0 = Release|Win32
		{6FC00410-2CAF-4CFB-B5AD-FF863A33C4D9}.Debug|Win32.ActiveCfg = Debug|Win32
		{6FC00410-2CAF-4CFB-B5AD-FF863A33C4D9}.Debug|Win32.Build.0 = Debug|Win32
		{6FC00410-2CAF-4CFB-B5AD-FF863A33C4D9}.Release|Win32.ActiveCfg = Release|Win32
		{6FC00410-2CAF-4CFB-B5AD-FF863A33C4D9}.Release|Win32.Build.0 = Release|Win32
	EndGlobalSection
	GlobalSection(SolutionProperties) = preSolution
		HideSolutionNode = FALSE
	EndGlobalSection
EndGlobal
